
Microsoft Visual Studio Solution File, Format Version 12.00
# Visual Studio Version 17
VisualStudioVersion = 17.0.31903.59
MinimumVisualStudioVersion = 10.0.40219.1
Project("{FAE04EC0-301F-11D3-BF4B-00C04F79EFBC}") = "ServiceC.Api", "ServiceC.Api\ServiceC.Api.csproj", "{2CB6173D-B440-4A7F-8CA7-24DF35CD3F91}"
EndProject
Project("{FAE04EC0-301F-11D3-BF4B-00C04F79EFBC}") = "ServiceC.Business", "ServiceC.Business\ServiceC.Business.csproj", "{79FDC9D1-B513-4DCD-9ACC-BFE3A9FF4D31}"
EndProject
Global
	GlobalSection(SolutionConfigurationPlatforms) = preSolution
		Debug|Any CPU = Debug|Any CPU
		Release|Any CPU = Release|Any CPU
	EndGlobalSection
	GlobalSection(SolutionProperties) = preSolution
		HideSolutionNode = FALSE
	EndGlobalSection
	GlobalSection(ProjectConfigurationPlatforms) = postSolution
		{2CB6173D-B440-4A7F-8CA7-24DF35CD3F91}.Debug|Any CPU.ActiveCfg = Debug|Any CPU
		{2CB6173D-B440-4A7F-8CA7-24DF35CD3F91}.Debug|Any CPU.Build.0 = Debug|Any CPU
		{2CB6173D-B440-4A7F-8CA7-24DF35CD3F91}.Release|Any CPU.ActiveCfg = Release|Any CPU
		{2CB6173D-B440-4A7F-8CA7-24DF35CD3F91}.Release|Any CPU.Build.0 = Release|Any CPU
		{79FDC9D1-B513-4DCD-9ACC-BFE3A9FF4D31}.Debug|Any CPU.ActiveCfg = Debug|Any CPU
		{79FDC9D1-B513-4DCD-9ACC-BFE3A9FF4D31}.Debug|Any CPU.Build.0 = Debug|Any CPU
		{79FDC9D1-B513-4DCD-9ACC-BFE3A9FF4D31}.Release|Any CPU.ActiveCfg = Release|Any CPU
		{79FDC9D1-B513-4DCD-9ACC-BFE3A9FF4D31}.Release|Any CPU.Build.0 = Release|Any CPU
	EndGlobalSection
EndGlobal
